
Microsoft Visual Studio Solution File, Format Version 12.00
# Visual Studio Version 17
VisualStudioVersion = 17.14.36915.13
MinimumVisualStudioVersion = 10.0.40219.1
Project("{8BC9CEB8-8B4A-11D0-8D11-00A0C91BC942}") = "calc_store", "calc_store\calc_store.vcxproj", "{C9454C71-141C-49CB-A9E0-ED03E92F9E34}"
EndProject
Project("{8BC9CEB8-8B4A-11D0-8D11-00A0C91BC942}") = "calc_adventure", "calc_adventure\calc_adventure.vcxproj", "{8CC45B0B-7BAA-416D-B300-13FC7BF0D100}"
EndProject
Project("{8BC9CEB8-8B4A-11D0-8D11-00A0C91BC942}") = "confused_numbers", "confused_numbers\confused_numbers.vcxproj", "{078A3687-64D0-49E5-9A90-15BD3D00D0B0}"
EndProject
Project("{8BC9CEB8-8B4A-11D0-8D11-00A0C91BC942}") = "matrix_mania", "matrix_mania\matrix_mania.vcxproj", "{B906C461-E8AE-4990-8FCA-84D0C903A578}"
EndProject
Project("{8BC9CEB8-8B4A-11D0-8D11-00A0C91BC942}") = "run_the_numbers", "run_the_numbers\run_the_numbers.vcxproj", "{F8C792F9-AE4E-42B1-85A7-17A3318300DA}"
EndProject
Project("{2150E333-8FDC-42A3-9474-1A3956D46DE8}") = "Solution Items", "Solution Items", "{4FEEBFDE-E30D-438C-9977-618D536A6904}"
	ProjectSection(SolutionItems) = preProject
		README.md = README.md
	EndProjectSection
EndProject
Global
	GlobalSection(SolutionConfigurationPlatforms) = preSolution
		Debug|x64 = Debug|x64
		Debug|x86 = Debug|x86
		NO MITIGATIONS|x64 = NO MITIGATIONS|x64
		NO MITIGATIONS|x86 = NO MITIGATIONS|x86
		Release|x64 = Release|x64
		Release|x86 = Release|x86
	EndGlobalSection
	GlobalSection(ProjectConfigurationPlatforms) = postSolution
		{C9454C71-141C-49CB-A9E0-ED03E92F9E34}.Debug|x64.ActiveCfg = Debug|x64
		{C9454C71-141C-49CB-A9E0-ED03E92F9E34}.Debug|x64.Build.0 = Debug|x64
		{C9454C71-141C-49CB-A9E0-ED03E92F9E34}.Debug|x86.ActiveCfg = Debug|Win32
		{C9454C71-141C-49CB-A9E0-ED03E92F9E34}.Debug|x86.Build.0 = Debug|Win32
		{C9454C71-141C-49CB-A9E0-ED03E92F9E34}.NO MITIGATIONS|x64.ActiveCfg = NO MITIGATIONS STRIPPED|x64
		{C9454C71-141C-49CB-A9E0-ED03E92F9E34}.NO MITIGATIONS|x64.Build.0 = NO MITIGATIONS STRIPPED|x64
		{C9454C71-141C-49CB-A9E0-ED03E92F9E34}.NO MITIGATIONS|x86.ActiveCfg = Release|Win32
		{C9454C71-141C-49CB-A9E0-ED03E92F9E34}.NO MITIGATIONS|x86.Build.0 = Release|Win32
		{C9454C71-141C-49CB-A9E0-ED03E92F9E34}.Release|x64.ActiveCfg = Release|x64
		{C9454C71-141C-49CB-A9E0-ED03E92F9E34}.Release|x64.Build.0 = Release|x64
		{C9454C71-141C-49CB-A9E0-ED03E92F9E34}.Release|x86.ActiveCfg = Release|Win32
		{C9454C71-141C-49CB-A9E0-ED03E92F9E34}.Release|x86.Build.0 = Release|Win32
		{8CC45B0B-7BAA-416D-B300-13FC7BF0D100}.Debug|x64.ActiveCfg = Debug|x64
		{8CC45B0B-7BAA-416D-B300-13FC7BF0D100}.Debug|x64.Build.0 = Debug|x64
		{8CC45B0B-7BAA-416D-B300-13FC7BF0D100}.Debug|x86.ActiveCfg = Debug|Win32
		{8CC45B0B-7BAA-416D-B300-13FC7BF0D100}.Debug|x86.Build.0 = Debug|Win32
		{8CC45B0B-7BAA-416D-B300-13FC7BF0D100}.NO MITIGATIONS|x64.ActiveCfg = NO MITIGATIONS STRIPPED|x64
		{8CC45B0B-7BAA-416D-B300-13FC7BF0D100}.NO MITIGATIONS|x64.Build.0 = NO MITIGATIONS STRIPPED|x64
		{8CC45B0B-7BAA-416D-B300-13FC7BF0D100}.NO MITIGATIONS|x86.ActiveCfg = Release|Win32
		{8CC45B0B-7BAA-416D-B300-13FC7BF0D100}.NO MITIGATIONS|x86.Build.0 = Release|Win32
		{8CC45B0B-7BAA-416D-B300-13FC7BF0D100}.Release|x64.ActiveCfg = Release|x64
		{8CC45B0B-7BAA-416D-B300-13FC7BF0D100}.Release|x64.Build.0 = Release|x64
		{8CC45B0B-7BAA-416D-B300-13FC7BF0D100}.Release|x86.ActiveCfg = Release|Win32
		{8CC45B0B-7BAA-416D-B300-13FC7BF0D100}.Release|x86.Build.0 = Release|Win32
		{078A3687-64D0-49E5-9A90-15BD3D00D0B0}.Debug|x64.ActiveCfg = Debug|x64
		{078A3687-64D0-49E5-9A90-15BD3D00D0B0}.Debug|x64.Build.0 = Debug|x64
		{078A3687-64D0-49E5-9A90-15BD3D00D0B0}.Debug|x86.ActiveCfg = Debug|Win32
		{078A3687-64D0-49E5-9A90-15BD3D00D0B0}.Debug|x86.Build.0 = Debug|Win32
		{078A3687-64D0-49E5-9A90-15BD3D00D0B0}.NO MITIGATIONS|x64.ActiveCfg = NO MITIGATIONS STRIPPED|x64
		{078A3687-64D0-49E5-9A90-15BD3D00D0B0}.NO MITIGATIONS|x64.Build.0 = NO MITIGATIONS STRIPPED|x64
		{078A3687-64D0-49E5-9A90-15BD3D00D0B0}.NO MITIGATIONS|x86.ActiveCfg = Release|Win32
		{078A3687-64D0-49E5-9A90-15BD3D00D0B0}.NO MITIGATIONS|x86.Build.0 = Release|Win32
		{078A3687-64D0-49E5-9A90-15BD3D00D0B0}.Release|x64.ActiveCfg = Release|x64
		{078A3687-64D0-49E5-9A90-15BD3D00D0B0}.Release|x64.Build.0 = Release|x64
		{078A3687-64D0-49E5-9A90-15BD3D00D0B0}.Release|x86.ActiveCfg = Release|Win32
		{078A3687-64D0-49E5-9A90-15BD3D00D0B0}.Release|x86.Build.0 = Release|Win32
		{B906C461-E8AE-4990-8FCA-84D0C903A578}.Debug|x64.ActiveCfg = Debug|x64
		{B906C461-E8AE-4990-8FCA-84D0C903A578}.Debug|x64.Build.0 = Debug|x64
		{B906C461-E8AE-4990-8FCA-84D0C903A578}.Debug|x86.ActiveCfg = Debug|Win32
		{B906C461-E8AE-4990-8FCA-84D0C903A578}.Debug|x86.Build.0 = Debug|Win32
		{B906C461-E8AE-4990-8FCA-84D0C903A578}.NO MITIGATIONS|x64.ActiveCfg = NO MITIGATIONS STRIPPED|x64
		{B906C461-E8AE-4990-8FCA-84D0C903A578}.NO MITIGATIONS|x64.Build.0 = NO MITIGATIONS STRIPPED|x64
		{B906C461-E8AE-4990-8FCA-84D0C903A578}.NO MITIGATIONS|x86.ActiveCfg = Debug|Win32
		{B906C461-E8AE-4990-8FCA-84D0C903A578}.NO MITIGATIONS|x86.Build.0 = Debug|Win32
		{B906C461-E8AE-4990-8FCA-84D0C903A578}.Release|x64.ActiveCfg = Release|x64
		{B906C461-E8AE-4990-8FCA-84D0C903A578}.Release|x64.Build.0 = Release|x64
		{B906C461-E8AE-4990-8FCA-84D0C903A578}.Release|x86.ActiveCfg = Release|Win32
		{B906C461-E8AE-4990-8FCA-84D0C903A578}.Release|x86.Build.0 = Release|Win32
		{F8C792F9-AE4E-42B1-85A7-17A3318300DA}.Debug|x64.ActiveCfg = Debug|x64
		{F8C792F9-AE4E-42B1-85A7-17A3318300DA}.Debug|x64.Build.0 = Debug|x64
		{F8C792F9-AE4E-42B1-85A7-17A3318300DA}.Debug|x86.ActiveCfg = Debug|Win32
		{F8C792F9-AE4E-42B1-85A7-17A3318300DA}.Debug|x86.Build.0 = Debug|Win32
		{F8C792F9-AE4E-42B1-85A7-17A3318300DA}.NO MITIGATIONS|x64.ActiveCfg = NO MITIGATIONS STRIPPED|x64
		{F8C792F9-AE4E-42B1-85A7-17A3318300DA}.NO MITIGATIONS|x64.Build.0 = NO MITIGATIONS STRIPPED|x64
		{F8C792F9-AE4E-42B1-85A7-17A3318300DA}.NO MITIGATIONS|x86.ActiveCfg = NO MITIGATIONS|Win32
		{F8C792F9-AE4E-42B1-85A7-17A3318300DA}.NO MITIGATIONS|x86.Build.0 = NO MITIGATIONS|Win32
		{F8C792F9-AE4E-42B1-85A7-17A3318300DA}.Release|x64.ActiveCfg = Release|x64
		{F8C792F9-AE4E-42B1-85A7-17A3318300DA}.Release|x64.Build.0 = Release|x64
		{F8C792F9-AE4E-42B1-85A7-17A3318300DA}.Release|x86.ActiveCfg = Release|Win32
		{F8C792F9-AE4E-42B1-85A7-17A3318300DA}.Release|x86.Build.0 = Release|Win32
	EndGlobalSection
	GlobalSection(SolutionProperties) = preSolution
		HideSolutionNode = FALSE
	EndGlobalSection
	GlobalSection(ExtensibilityGlobals) = postSolution
		SolutionGuid = {1373B9A3-6FF5-4195-A2E5-BCCF6ABCF8E4}
	EndGlobalSection
EndGlobal
